
Microsoft Visual Studio Solution File, Format Version 12.00
# Visual Studio Version 16
VisualStudioVersion = 16.0.32002.261
MinimumVisualStudioVersion = 10.0.40219.1
Project("{FAE04EC0-301F-11D3-BF4B-00C04F79EFBC}") = "ISRPOLaba2", "ISRPOLaba2\ISRPOLaba2.csproj", "{D833F069-5273-4E8B-BEC3-70716E1752F5}"
EndProject
Global
	GlobalSection(SolutionConfigurationPlatforms) = preSolution
		Debug|Any CPU = Debug|Any CPU
		Release|Any CPU = Release|Any CPU
	EndGlobalSection
	GlobalSection(ProjectConfigurationPlatforms) = postSolution
		{D833F069-5273-4E8B-BEC3-70716E1752F5}.Debug|Any CPU.ActiveCfg = Debug|Any CPU
		{D833F069-5273-4E8B-BEC3-70716E1752F5}.Debug|Any CPU.Build.0 = Debug|Any CPU
		{D833F069-5273-4E8B-BEC3-70716E1752F5}.Release|Any CPU.ActiveCfg = Release|Any CPU
		{D833F069-5273-4E8B-BEC3-70716E1752F5}.Release|Any CPU.Build.0 = Release|Any CPU
	EndGlobalSection
	GlobalSection(SolutionProperties) = preSolution
		HideSolutionNode = FALSE
	EndGlobalSection
	GlobalSection(ExtensibilityGlobals) = postSolution
		SolutionGuid = {C0243AF4-6407-4DE5-8B4D-3E7A91009728}
	EndGlobalSection
EndGlobal
